// !$*UTF8*$!
{
	archiveVersion = 1;
	classes = {
	};
	objectVersion = 55;
	objects = {

/* Begin PBXBuildFile section */
		0954D8C127E745DC00693AFE /* AppDelegate.swift in Sources */ = {isa = PBXBuildFile; fileRef = 0954D8C027E745DC00693AFE /* AppDelegate.swift */; };
		0954D8C327E745DC00693AFE /* SceneDelegate.swift in Sources */ = {isa = PBXBuildFile; fileRef = 0954D8C227E745DC00693AFE /* SceneDelegate.swift */; };
		0954D8C527E745DC00693AFE /* MoviesViewController.swift in Sources */ = {isa = PBXBuildFile; fileRef = 0954D8C427E745DC00693AFE /* MoviesViewController.swift */; };
		0954D8CA27E745DE00693AFE /* Assets.xcassets in Resources */ = {isa = PBXBuildFile; fileRef = 0954D8C927E745DE00693AFE /* Assets.xcassets */; };
		0954D8CD27E745DE00693AFE /* LaunchScreen.storyboard in Resources */ = {isa = PBXBuildFile; fileRef = 0954D8CB27E745DE00693AFE /* LaunchScreen.storyboard */; };
		0954D8D927E747E400693AFE /* MovieCell.swift in Sources */ = {isa = PBXBuildFile; fileRef = 0954D8D827E747E400693AFE /* MovieCell.swift */; };
		0954D8DB27E758E800693AFE /* Movie.swift in Sources */ = {isa = PBXBuildFile; fileRef = 0954D8DA27E758E800693AFE /* Movie.swift */; };
		0954D8DD27E76FD400693AFE /* SearchViewController.swift in Sources */ = {isa = PBXBuildFile; fileRef = 0954D8DC27E76FD400693AFE /* SearchViewController.swift */; };
		0954D8DF27E76FF800693AFE /* TabController.swift in Sources */ = {isa = PBXBuildFile; fileRef = 0954D8DE27E76FF800693AFE /* TabController.swift */; };
		0954D8E127E77C0800693AFE /* PageViewController.swift in Sources */ = {isa = PBXBuildFile; fileRef = 0954D8E027E77C0800693AFE /* PageViewController.swift */; };
		0954D8E327E77C1500693AFE /* ScrollViewController.swift in Sources */ = {isa = PBXBuildFile; fileRef = 0954D8E227E77C1500693AFE /* ScrollViewController.swift */; };
		0954D8E527E78A0F00693AFE /* MoviePage.swift in Sources */ = {isa = PBXBuildFile; fileRef = 0954D8E427E78A0F00693AFE /* MoviePage.swift */; };
		0954D8E727E78A7F00693AFE /* UIView_Pin.swift in Sources */ = {isa = PBXBuildFile; fileRef = 0954D8E627E78A7F00693AFE /* UIView_Pin.swift */; };
/* End PBXBuildFile section */

/* Begin PBXFileReference section */
		0954D8BD27E745DC00693AFE /* nabelova_1PW8.app */ = {isa = PBXFileReference; explicitFileType = wrapper.application; includeInIndex = 0; path = nabelova_1PW8.app; sourceTree = BUILT_PRODUCTS_DIR; };
		0954D8C027E745DC00693AFE /* AppDelegate.swift */ = {isa = PBXFileReference; lastKnownFileType = sourcecode.swift; path = AppDelegate.swift; sourceTree = "<group>"; };
		0954D8C227E745DC00693AFE /* SceneDelegate.swift */ = {isa = PBXFileReference; lastKnownFileType = sourcecode.swift; path = SceneDelegate.swift; sourceTree = "<group>"; };
		0954D8C427E745DC00693AFE /* MoviesViewController.swift */ = {isa = PBXFileReference; lastKnownFileType = sourcecode.swift; path = MoviesViewController.swift; sourceTree = "<group>"; };
		0954D8C927E745DE00693AFE /* Assets.xcassets */ = {isa = PBXFileReference; lastKnownFileType = folder.assetcatalog; path = Assets.xcassets; sourceTree = "<group>"; };
		0954D8CC27E745DE00693AFE /* Base */ = {isa = PBXFileReference; lastKnownFileType = file.storyboard; name = Base; path = Base.lproj/LaunchScreen.storyboard; sourceTree = "<group>"; };
		0954D8CE27E745DE00693AFE /* Info.plist */ = {isa = PBXFileReference; lastKnownFileType = text.plist.xml; path = Info.plist; sourceTree = "<group>"; };
		0954D8D827E747E400693AFE /* MovieCell.swift */ = {isa = PBXFileReference; lastKnownFileType = sourcecode.swift; path = MovieCell.swift; sourceTree = "<group>"; };
		0954D8DA27E758E800693AFE /* Movie.swift */ = {isa = PBXFileReference; lastKnownFileType = sourcecode.swift; path = Movie.swift; sourceTree = "<group>"; };
		0954D8DC27E76FD400693AFE /* SearchViewController.swift */ = {isa = PBXFileReference; lastKnownFileType = sourcecode.swift; path = SearchViewController.swift; sourceTree = "<group>"; };
		0954D8DE27E76FF800693AFE /* TabController.swift */ = {isa = PBXFileReference; lastKnownFileType = sourcecode.swift; path = TabController.swift; sourceTree = "<group>"; };
		0954D8E027E77C0800693AFE /* PageViewController.swift */ = {isa = PBXFileReference; lastKnownFileType = sourcecode.swift; path = PageViewController.swift; sourceTree = "<group>"; };
		0954D8E227E77C1500693AFE /* ScrollViewController.swift */ = {isa = PBXFileReference; lastKnownFileType = sourcecode.swift; path = ScrollViewController.swift; sourceTree = "<group>"; };
		0954D8E427E78A0F00693AFE /* MoviePage.swift */ = {isa = PBXFileReference; lastKnownFileType = sourcecode.swift; path = MoviePage.swift; sourceTree = "<group>"; };
		0954D8E627E78A7F00693AFE /* UIView_Pin.swift */ = {isa = PBXFileReference; lastKnownFileType = sourcecode.swift; path = UIView_Pin.swift; sourceTree = "<group>"; };
/* End PBXFileReference section */

/* Begin PBXFrameworksBuildPhase section */
		0954D8BA27E745DC00693AFE /* Frameworks */ = {
			isa = PBXFrameworksBuildPhase;
			buildActionMask = 2147483647;
			files = (
			);
			runOnlyForDeploymentPostprocessing = 0;
		};
/* End PBXFrameworksBuildPhase section */

/* Begin PBXGroup section */
		0954D8B427E745DC00693AFE = {
			isa = PBXGroup;
			children = (
				0954D8BF27E745DC00693AFE /* nabelova_1PW8 */,
				0954D8BE27E745DC00693AFE /* Products */,
			);
			sourceTree = "<group>";
		};
		0954D8BE27E745DC00693AFE /* Products */ = {
			isa = PBXGroup;
			children = (
				0954D8BD27E745DC00693AFE /* nabelova_1PW8.app */,
			);
			name = Products;
			sourceTree = "<group>";
		};
		0954D8BF27E745DC00693AFE /* nabelova_1PW8 */ = {
			isa = PBXGroup;
			children = (
				0954D8D727E7475600693AFE /* Delegates */,
				0954D8C227E745DC00693AFE /* SceneDelegate.swift */,
				0954D8C027E745DC00693AFE /* AppDelegate.swift */,
				0954D8D627E7470D00693AFE /* Protocols */,
				0954D8D527E7470300693AFE /* Models */,
				0954D8D427E746F800693AFE /* Controllers */,
				0954D8C927E745DE00693AFE /* Assets.xcassets */,
				0954D8CB27E745DE00693AFE /* LaunchScreen.storyboard */,
				0954D8CE27E745DE00693AFE /* Info.plist */,
			);
			path = nabelova_1PW8;
			sourceTree = "<group>";
		};
		0954D8D427E746F800693AFE /* Controllers */ = {
			isa = PBXGroup;
			children = (
				0954D8C427E745DC00693AFE /* MoviesViewController.swift */,
				0954D8DC27E76FD400693AFE /* SearchViewController.swift */,
				0954D8DE27E76FF800693AFE /* TabController.swift */,
				0954D8E027E77C0800693AFE /* PageViewController.swift */,
				0954D8E227E77C1500693AFE /* ScrollViewController.swift */,
				0954D8E427E78A0F00693AFE /* MoviePage.swift */,
			);
			path = Controllers;
			sourceTree = "<group>";
		};
		0954D8D527E7470300693AFE /* Models */ = {
			isa = PBXGroup;
			children = (
				0954D8D827E747E400693AFE /* MovieCell.swift */,
				0954D8DA27E758E800693AFE /* Movie.swift */,
			);
			path = Models;
			sourceTree = "<group>";
		};
		0954D8D627E7470D00693AFE /* Protocols */ = {
			isa = PBXGroup;
			children = (
				0954D8E627E78A7F00693AFE /* UIView_Pin.swift */,
			);
			path = Protocols;
			sourceTree = "<group>";
		};
		0954D8D727E7475600693AFE /* Delegates */ = {
			isa = PBXGroup;
			children = (
			);
			path = Delegates;
			sourceTree = "<group>";
		};
/* End PBXGroup section */

/* Begin PBXNativeTarget section */
		0954D8BC27E745DC00693AFE /* nabelova_1PW8 */ = {
			isa = PBXNativeTarget;
			buildConfigurationList = 0954D8D127E745DE00693AFE /* Build configuration list for PBXNativeTarget "nabelova_1PW8" */;
			buildPhases = (
				0954D8B927E745DC00693AFE /* Sources */,
				0954D8BA27E745DC00693AFE /* Frameworks */,
				0954D8BB27E745DC00693AFE /* Resources */,
			);
			buildRules = (
			);
			dependencies = (
			);
			name = nabelova_1PW8;
			productName = nabelova_1PW8;
			productReference = 0954D8BD27E745DC00693AFE /* nabelova_1PW8.app */;
			productType = "com.apple.product-type.application";
		};
/* End PBXNativeTarget section */

/* Begin PBXProject section */
		0954D8B527E745DC00693AFE /* Project object */ = {
			isa = PBXProject;
			attributes = {
				BuildIndependentTargetsInParallel = 1;
				LastSwiftUpdateCheck = 1310;
				LastUpgradeCheck = 1310;
				TargetAttributes = {
					0954D8BC27E745DC00693AFE = {
						CreatedOnToolsVersion = 13.1;
					};
				};
			};
			buildConfigurationList = 0954D8B827E745DC00693AFE /* Build configuration list for PBXProject "nabelova_1PW8" */;
			compatibilityVersion = "Xcode 13.0";
			developmentRegion = en;
			hasScannedForEncodings = 0;
			knownRegions = (
				en,
				Base,
			);
			mainGroup = 0954D8B427E745DC00693AFE;
			productRefGroup = 0954D8BE27E745DC00693AFE /* Products */;
			projectDirPath = "";
			projectRoot = "";
			targets = (
				0954D8BC27E745DC00693AFE /* nabelova_1PW8 */,
			);
		};
/* End PBXProject section */

/* Begin PBXResourcesBuildPhase section */
		0954D8BB27E745DC00693AFE /* Resources */ = {
			isa = PBXResourcesBuildPhase;
			buildActionMask = 2147483647;
			files = (
				0954D8CD27E745DE00693AFE /* LaunchScreen.storyboard in Resources */,
				0954D8CA27E745DE00693AFE /* Assets.xcassets in Resources */,
			);
			runOnlyForDeploymentPostprocessing = 0;
		};
/* End PBXResourcesBuildPhase section */

/* Begin PBXSourcesBuildPhase section */
		0954D8B927E745DC00693AFE /* Sources */ = {
			isa = PBXSourcesBuildPhase;
			buildActionMask = 2147483647;
			files = (
				0954D8DD27E76FD400693AFE /* SearchViewController.swift in Sources */,
				0954D8C527E745DC00693AFE /* MoviesViewController.swift in Sources */,
				0954D8C127E745DC00693AFE /* AppDelegate.swift in Sources */,
				0954D8D927E747E400693AFE /* MovieCell.swift in Sources */,
				0954D8E327E77C1500693AFE /* ScrollViewController.swift in Sources */,
				0954D8E727E78A7F00693AFE /* UIView_Pin.swift in Sources */,
				0954D8E527E78A0F00693AFE /* MoviePage.swift in Sources */,
				0954D8DF27E76FF800693AFE /* TabController.swift in Sources */,
				0954D8C327E745DC00693AFE /* SceneDelegate.swift in Sources */,
				0954D8DB27E758E800693AFE /* Movie.swift in Sources */,
				0954D8E127E77C0800693AFE /* PageViewController.swift in Sources */,
			);
			runOnlyForDeploymentPostprocessing = 0;
		};
/* End PBXSourcesBuildPhase section */

/* Begin PBXVariantGroup section */
		0954D8CB27E745DE00693AFE /* LaunchScreen.storyboard */ = {
			isa = PBXVariantGroup;
			children = (
				0954D8CC27E745DE00693AFE /* Base */,
			);
			name = LaunchScreen.storyboard;
			sourceTree = "<group>";
		};
/* End PBXVariantGroup section */

/* Begin XCBuildConfiguration section */
		0954D8CF27E745DE00693AFE /* Debug */ = {
			isa = XCBuildConfiguration;
			buildSettings = {
				ALWAYS_SEARCH_USER_PATHS = NO;
				CLANG_ANALYZER_NONNULL = YES;
				CLANG_ANALYZER_NUMBER_OBJECT_CONVERSION = YES_AGGRESSIVE;
				CLANG_CXX_LANGUAGE_STANDARD = "gnu++17";
				CLANG_CXX_LIBRARY = "libc++";
				CLANG_ENABLE_MODULES = YES;
				CLANG_ENABLE_OBJC_ARC = YES;
				CLANG_ENABLE_OBJC_WEAK = YES;
				CLANG_WARN_BLOCK_CAPTURE_AUTORELEASING = YES;
				CLANG_WARN_BOOL_CONVERSION = YES;
				CLANG_WARN_COMMA = YES;
				CLANG_WARN_CONSTANT_CONVERSION = YES;
				CLANG_WARN_DEPRECATED_OBJC_IMPLEMENTATIONS = YES;
				CLANG_WARN_DIRECT_OBJC_ISA_USAGE = YES_ERROR;
				CLANG_WARN_DOCUMENTATION_COMMENTS = YES;
				CLANG_WARN_EMPTY_BODY = YES;
				CLANG_WARN_ENUM_CONVERSION = YES;
				CLANG_WARN_INFINITE_RECURSION = YES;
				CLANG_WARN_INT_CONVERSION = YES;
				CLANG_WARN_NON_LITERAL_NULL_CONVERSION = YES;
				CLANG_WARN_OBJC_IMPLICIT_RETAIN_SELF = YES;
				CLANG_WARN_OBJC_LITERAL_CONVERSION = YES;
				CLANG_WARN_OBJC_ROOT_CLASS = YES_ERROR;
				CLANG_WARN_QUOTED_INCLUDE_IN_FRAMEWORK_HEADER = YES;
				CLANG_WARN_RANGE_LOOP_ANALYSIS = YES;
				CLANG_WARN_STRICT_PROTOTYPES = YES;
				CLANG_WARN_SUSPICIOUS_MOVE = YES;
				CLANG_WARN_UNGUARDED_AVAILABILITY = YES_AGGRESSIVE;
				CLANG_WARN_UNREACHABLE_CODE = YES;
				CLANG_WARN__DUPLICATE_METHOD_MATCH = YES;
				COPY_PHASE_STRIP = NO;
				DEBUG_INFORMATION_FORMAT = dwarf;
				ENABLE_STRICT_OBJC_MSGSEND = YES;
				ENABLE_TESTABILITY = YES;
				GCC_C_LANGUAGE_STANDARD = gnu11;
				GCC_DYNAMIC_NO_PIC = NO;
				GCC_NO_COMMON_BLOCKS = YES;
				GCC_OPTIMIZATION_LEVEL = 0;
				GCC_PREPROCESSOR_DEFINITIONS = (
					"DEBUG=1",
					"$(inherited)",
				);
				GCC_WARN_64_TO_32_BIT_CONVERSION = YES;
				GCC_WARN_ABOUT_RETURN_TYPE = YES_ERROR;
				GCC_WARN_UNDECLARED_SELECTOR = YES;
				GCC_WARN_UNINITIALIZED_AUTOS = YES_AGGRESSIVE;
				GCC_WARN_UNUSED_FUNCTION = YES;
				GCC_WARN_UNUSED_VARIABLE = YES;
				IPHONEOS_DEPLOYMENT_TARGET = 15.0;
				MTL_ENABLE_DEBUG_INFO = INCLUDE_SOURCE;
				MTL_FAST_MATH = YES;
				ONLY_ACTIVE_ARCH = YES;
				SDKROOT = iphoneos;
				SWIFT_ACTIVE_COMPILATION_CONDITIONS = DEBUG;
				SWIFT_OPTIMIZATION_LEVEL = "-Onone";
			};
			name = Debug;
		};
		0954D8D027E745DE00693AFE /* Release */ = {
			isa = XCBuildConfiguration;
			buildSettings = {
				ALWAYS_SEARCH_USER_PATHS = NO;
				CLANG_ANALYZER_NONNULL = YES;
				CLANG_ANALYZER_NUMBER_OBJECT_CONVERSION = YES_AGGRESSIVE;
				CLANG_CXX_LANGUAGE_STANDARD = "gnu++17";
				CLANG_CXX_LIBRARY = "libc++";
				CLANG_ENABLE_MODULES = YES;
				CLANG_ENABLE_OBJC_ARC = YES;
				CLANG_ENABLE_OBJC_WEAK = YES;
				CLANG_WARN_BLOCK_CAPTURE_AUTORELEASING = YES;
				CLANG_WARN_BOOL_CONVERSION = YES;
				CLANG_WARN_COMMA = YES;
				CLANG_WARN_CONSTANT_CONVERSION = YES;
				CLANG_WARN_DEPRECATED_OBJC_IMPLEMENTATIONS = YES;
				CLANG_WARN_DIRECT_OBJC_ISA_USAGE = YES_ERROR;
				CLANG_WARN_DOCUMENTATION_COMMENTS = YES;
				CLANG_WARN_EMPTY_BODY = YES;
				CLANG_WARN_ENUM_CONVERSION = YES;
				CLANG_WARN_INFINITE_RECURSION = YES;
				CLANG_WARN_INT_CONVERSION = YES;
				CLANG_WARN_NON_LITERAL_NULL_CONVERSION = YES;
				CLANG_WARN_OBJC_IMPLICIT_RETAIN_SELF = YES;
				CLANG_WARN_OBJC_LITERAL_CONVERSION = YES;
				CLANG_WARN_OBJC_ROOT_CLASS = YES_ERROR;
				CLANG_WARN_QUOTED_INCLUDE_IN_FRAMEWORK_HEADER = YES;
				CLANG_WARN_RANGE_LOOP_ANALYSIS = YES;
				CLANG_WARN_STRICT_PROTOTYPES = YES;
				CLANG_WARN_SUSPICIOUS_MOVE = YES;
				CLANG_WARN_UNGUARDED_AVAILABILITY = YES_AGGRESSIVE;
				CLANG_WARN_UNREACHABLE_CODE = YES;
				CLANG_WARN__DUPLICATE_METHOD_MATCH = YES;
				COPY_PHASE_STRIP = NO;
				DEBUG_INFORMATION_FORMAT = "dwarf-with-dsym";
				ENABLE_NS_ASSERTIONS = NO;
				ENABLE_STRICT_OBJC_MSGSEND = YES;
				GCC_C_LANGUAGE_STANDARD = gnu11;
				GCC_NO_COMMON_BLOCKS = YES;
				GCC_WARN_64_TO_32_BIT_CONVERSION = YES;
				GCC_WARN_ABOUT_RETURN_TYPE = YES_ERROR;
				GCC_WARN_UNDECLARED_SELECTOR = YES;
				GCC_WARN_UNINITIALIZED_AUTOS = YES_AGGRESSIVE;
				GCC_WARN_UNUSED_FUNCTION = YES;
				GCC_WARN_UNUSED_VARIABLE = YES;
				IPHONEOS_DEPLOYMENT_TARGET = 15.0;
				MTL_ENABLE_DEBUG_INFO = NO;
				MTL_FAST_MATH = YES;
				SDKROOT = iphoneos;
				SWIFT_COMPILATION_MODE = wholemodule;
				SWIFT_OPTIMIZATION_LEVEL = "-O";
				VALIDATE_PRODUCT = YES;
			};
			name = Release;
		};
		0954D8D227E745DE00693AFE /* Debug */ = {
			isa = XCBuildConfiguration;
			buildSettings = {
				ASSETCATALOG_COMPILER_APPICON_NAME = AppIcon;
				ASSETCATALOG_COMPILER_GLOBAL_ACCENT_COLOR_NAME = AccentColor;
				CODE_SIGN_STYLE = Automatic;
				CURRENT_PROJECT_VERSION = 1;
				GENERATE_INFOPLIST_FILE = YES;
				INFOPLIST_FILE = nabelova_1PW8/Info.plist;
				INFOPLIST_KEY_UIApplicationSupportsIndirectInputEvents = YES;
				INFOPLIST_KEY_UILaunchStoryboardName = LaunchScreen;
				INFOPLIST_KEY_UISupportedInterfaceOrientations_iPad = "UIInterfaceOrientationPortrait UIInterfaceOrientationPortraitUpsideDown UIInterfaceOrientationLandscapeLeft UIInterfaceOrientationLandscapeRight";
				INFOPLIST_KEY_UISupportedInterfaceOrientations_iPhone = "UIInterfaceOrientationPortrait UIInterfaceOrientationLandscapeLeft UIInterfaceOrientationLandscapeRight";
				LD_RUNPATH_SEARCH_PATHS = (
					"$(inherited)",
					"@executable_path/Frameworks",
				);
				MARKETING_VERSION = 1.0;
				PRODUCT_BUNDLE_IDENTIFIER = "hse.nabelova-1PW8";
				PRODUCT_NAME = "$(TARGET_NAME)";
				SWIFT_EMIT_LOC_STRINGS = YES;
				SWIFT_VERSION = 5.0;
				TARGETED_DEVICE_FAMILY = "1,2";
			};
			name = Debug;
		};
		0954D8D327E745DE00693AFE /* Release */ = {
			isa = XCBuildConfiguration;
			buildSettings = {
				ASSETCATALOG_COMPILER_APPICON_NAME = AppIcon;
				ASSETCATALOG_COMPILER_GLOBAL_ACCENT_COLOR_NAME = AccentColor;
				CODE_SIGN_STYLE = Automatic;
				CURRENT_PROJECT_VERSION = 1;
				GENERATE_INFOPLIST_FILE = YES;
				INFOPLIST_FILE = nabelova_1PW8/Info.plist;
				INFOPLIST_KEY_UIApplicationSupportsIndirectInputEvents = YES;
				INFOPLIST_KEY_UILaunchStoryboardName = LaunchScreen;
				INFOPLIST_KEY_UISupportedInterfaceOrientations_iPad = "UIInterfaceOrientationPortrait UIInterfaceOrientationPortraitUpsideDown UIInterfaceOrientationLandscapeLeft UIInterfaceOrientationLandscapeRight";
				INFOPLIST_KEY_UISupportedInterfaceOrientations_iPhone = "UIInterfaceOrientationPortrait UIInterfaceOrientationLandscapeLeft UIInterfaceOrientationLandscapeRight";
				LD_RUNPATH_SEARCH_PATHS = (
					"$(inherited)",
					"@executable_path/Frameworks",
				);
				MARKETING_VERSION = 1.0;
				PRODUCT_BUNDLE_IDENTIFIER = "hse.nabelova-1PW8";
				PRODUCT_NAME = "$(TARGET_NAME)";
				SWIFT_EMIT_LOC_STRINGS = YES;
				SWIFT_VERSION = 5.0;
				TARGETED_DEVICE_FAMILY = "1,2";
			};
			name = Release;
		};
/* End XCBuildConfiguration section */

/* Begin XCConfigurationList section */
		0954D8B827E745DC00693AFE /* Build configuration list for PBXProject "nabelova_1PW8" */ = {
			isa = XCConfigurationList;
			buildConfigurations = (
				0954D8CF27E745DE00693AFE /* Debug */,
				0954D8D027E745DE00693AFE /* Release */,
			);
			defaultConfigurationIsVisible = 0;
			defaultConfigurationName = Release;
		};
		0954D8D127E745DE00693AFE /* Build configuration list for PBXNativeTarget "nabelova_1PW8" */ = {
			isa = XCConfigurationList;
			buildConfigurations = (
				0954D8D227E745DE00693AFE /* Debug */,
				0954D8D327E745DE00693AFE /* Release */,
			);
			defaultConfigurationIsVisible = 0;
			defaultConfigurationName = Release;
		};
/* End XCConfigurationList section */
	};
	rootObject = 0954D8B527E745DC00693AFE /* Project object */;
}
